lockfileVersion: '9.0'

settings:
  autoInstallPeers: true
  excludeLinksFromLockfile: false

importers:

  .:
    dependencies:
      '@vant/weapp':
        specifier: ^1.11.7
        version: 1.11.7
      dayjs:
        specifier: ^1.11.13
        version: 1.11.13
    devDependencies:
      miniprogram-api-typings:
        specifier: ^2.12.0
        version: 2.12.0

packages:

  '@vant/weapp@1.11.7':
    resolution: {integrity: sha512-Rwn9BBnb4kHSV4XmvBicwtd42J+amEUfnFDcXJsGNPNX4a9c/DoT6YLsm4X1wB2+sQbdiQsbFBLAvGRBxCkD8g==}

  dayjs@1.11.13:
    resolution: {integrity: sha512-oaMBel6gjolK862uaPQOVTA7q3TZhuSvuMQAAglQDOWYO9A91IrAOUJEyKVlqJlHE0vq5p5UXxzdPfMH/x6xNg==}

  miniprogram-api-typings@2.12.0:
    resolution: {integrity: sha512-ibvbqeslVFur0IAvTxLMvsbtvVcMo6gwvOnj0YZHV7aeDLu091VQRrETT2QuiG9P6aZWRcxeNGJChRKVPCp9VQ==}

snapshots:

  '@vant/weapp@1.11.7': {}

  dayjs@1.11.13: {}

  miniprogram-api-typings@2.12.0: {}
